
Microsoft Visual Studio Solution File, Format Version 12.00
# Visual Studio 15
VisualStudioVersion = 15.0.28307.1778
MinimumVisualStudioVersion = 10.0.40219.1
Project("{F184B08F-C81C-45F6-A57F-5ABD9991F28F}") = "1 - Primeira Classe", "1 - Primeira Classe\1 - Primeira Classe.vbproj", "{F5E61825-217A-4A85-994A-5AC7199B249F}"
EndProject
Global
	GlobalSection(SolutionConfigurationPlatforms) = preSolution
		Debug|Any CPU = Debug|Any CPU
		Release|Any CPU = Release|Any CPU
	EndGlobalSection
	GlobalSection(ProjectConfigurationPlatforms) = postSolution
		{F5E61825-217A-4A85-994A-5AC7199B249F}.Debug|Any CPU.ActiveCfg = Debug|Any CPU
		{F5E61825-217A-4A85-994A-5AC7199B249F}.Debug|Any CPU.Build.0 = Debug|Any CPU
		{F5E61825-217A-4A85-994A-5AC7199B249F}.Release|Any CPU.ActiveCfg = Release|Any CPU
		{F5E61825-217A-4A85-994A-5AC7199B249F}.Release|Any CPU.Build.0 = Release|Any CPU
	EndGlobalSection
	GlobalSection(SolutionProperties) = preSolution
		HideSolutionNode = FALSE
	EndGlobalSection
	GlobalSection(ExtensibilityGlobals) = postSolution
		SolutionGuid = {BDB55AFB-E07C-4FE6-987E-FD735F5A0C7E}
	EndGlobalSection
EndGlobal
